
Microsoft Visual Studio Solution File, Format Version 12.00
# Visual Studio Version 16
VisualStudioVersion = 16.0.30114.105
MinimumVisualStudioVersion = 10.0.40219.1
Project("{FAE04EC0-301F-11D3-BF4B-00C04F79EFBC}") = "Numbers", "src\Numbers\Numbers.csproj", "{A25BE124-19F5-4F3F-A21B-C306F820BBF1}"
EndProject
Project("{FAE04EC0-301F-11D3-BF4B-00C04F79EFBC}") = "XUnit.Coverlet.Collector", "src\XUnit.Coverlet.Collector\XUnit.Coverlet.Collector.csproj", "{EE6F955B-8DC8-4CD1-B583-FDB3228C81C2}"
EndProject
Global
	GlobalSection(SolutionConfigurationPlatforms) = preSolution
		Debug|Any CPU = Debug|Any CPU
		Debug|x64 = Debug|x64
		Debug|x86 = Debug|x86
		Release|Any CPU = Release|Any CPU
		Release|x64 = Release|x64
		Release|x86 = Release|x86
	EndGlobalSection
	GlobalSection(SolutionProperties) = preSolution
		HideSolutionNode = FALSE
	EndGlobalSection
	GlobalSection(ProjectConfigurationPlatforms) = postSolution
		{A25BE124-19F5-4F3F-A21B-C306F820BBF1}.Debug|Any CPU.ActiveCfg = Debug|Any CPU
		{A25BE124-19F5-4F3F-A21B-C306F820BBF1}.Debug|Any CPU.Build.0 = Debug|Any CPU
		{A25BE124-19F5-4F3F-A21B-C306F820BBF1}.Debug|x64.ActiveCfg = Debug|Any CPU
		{A25BE124-19F5-4F3F-A21B-C306F820BBF1}.Debug|x64.Build.0 = Debug|Any CPU
		{A25BE124-19F5-4F3F-A21B-C306F820BBF1}.Debug|x86.ActiveCfg = Debug|Any CPU
		{A25BE124-19F5-4F3F-A21B-C306F820BBF1}.Debug|x86.Build.0 = Debug|Any CPU
		{A25BE124-19F5-4F3F-A21B-C306F820BBF1}.Release|Any CPU.ActiveCfg = Release|Any CPU
		{A25BE124-19F5-4F3F-A21B-C306F820BBF1}.Release|Any CPU.Build.0 = Release|Any CPU
		{A25BE124-19F5-4F3F-A21B-C306F820BBF1}.Release|x64.ActiveCfg = Release|Any CPU
		{A25BE124-19F5-4F3F-A21B-C306F820BBF1}.Release|x64.Build.0 = Release|Any CPU
		{A25BE124-19F5-4F3F-A21B-C306F820BBF1}.Release|x86.ActiveCfg = Release|Any CPU
		{A25BE124-19F5-4F3F-A21B-C306F820BBF1}.Release|x86.Build.0 = Release|Any CPU
		{EE6F955B-8DC8-4CD1-B583-FDB3228C81C2}.Debug|Any CPU.ActiveCfg = Debug|Any CPU
		{EE6F955B-8DC8-4CD1-B583-FDB3228C81C2}.Debug|Any CPU.Build.0 = Debug|Any CPU
		{EE6F955B-8DC8-4CD1-B583-FDB3228C81C2}.Debug|x64.ActiveCfg = Debug|Any CPU
		{EE6F955B-8DC8-4CD1-B583-FDB3228C81C2}.Debug|x64.Build.0 = Debug|Any CPU
		{EE6F955B-8DC8-4CD1-B583-FDB3228C81C2}.Debug|x86.ActiveCfg = Debug|Any CPU
		{EE6F955B-8DC8-4CD1-B583-FDB3228C81C2}.Debug|x86.Build.0 = Debug|Any CPU
		{EE6F955B-8DC8-4CD1-B583-FDB3228C81C2}.Release|Any CPU.ActiveCfg = Release|Any CPU
		{EE6F955B-8DC8-4CD1-B583-FDB3228C81C2}.Release|Any CPU.Build.0 = Release|Any CPU
		{EE6F955B-8DC8-4CD1-B583-FDB3228C81C2}.Release|x64.ActiveCfg = Release|Any CPU
		{EE6F955B-8DC8-4CD1-B583-FDB3228C81C2}.Release|x64.Build.0 = Release|Any CPU
		{EE6F955B-8DC8-4CD1-B583-FDB3228C81C2}.Release|x86.ActiveCfg = Release|Any CPU
		{EE6F955B-8DC8-4CD1-B583-FDB3228C81C2}.Release|x86.Build.0 = Release|Any CPU
	EndGlobalSection
EndGlobal
